// !$*UTF8*$!
{
	archiveVersion = 1;
	classes = {
	};
	objectVersion = 55;
	objects = {

/* Begin PBXBuildFile section */
		D146890327AD7920008F8DD7 /* AppDelegate.swift in Sources */ = {isa = PBXBuildFile; fileRef = D146890227AD7920008F8DD7 /* AppDelegate.swift */; };
		D146890527AD7920008F8DD7 /* SceneDelegate.swift in Sources */ = {isa = PBXBuildFile; fileRef = D146890427AD7920008F8DD7 /* SceneDelegate.swift */; };
		D146890727AD7920008F8DD7 /* ViewController.swift in Sources */ = {isa = PBXBuildFile; fileRef = D146890627AD7920008F8DD7 /* ViewController.swift */; };
		D146890A27AD7920008F8DD7 /* Main.storyboard in Resources */ = {isa = PBXBuildFile; fileRef = D146890827AD7920008F8DD7 /* Main.storyboard */; };
		D146890F27AD7922008F8DD7 /* LaunchScreen.storyboard in Resources */ = {isa = PBXBuildFile; fileRef = D146890D27AD7922008F8DD7 /* LaunchScreen.storyboard */; };
		D146891727AD7AE1008F8DD7 /* Assets.xcassets in Resources */ = {isa = PBXBuildFile; fileRef = D146891627AD7AE1008F8DD7 /* Assets.xcassets */; };
		D146891C27AD7B6B008F8DD7 /* Info.plist in Resources */ = {isa = PBXBuildFile; fileRef = D146891B27AD7B6B008F8DD7 /* Info.plist */; };
		D146891D27AD7BFC008F8DD7 /* ThirstySoftRegular.otf in Resources */ = {isa = PBXBuildFile; fileRef = D146891927AD7AFA008F8DD7 /* ThirstySoftRegular.otf */; };
		D146891E27AD7BFE008F8DD7 /* Delm-Medium.otf in Resources */ = {isa = PBXBuildFile; fileRef = D146891827AD7AF5008F8DD7 /* Delm-Medium.otf */; };
		D146892127AD89CA008F8DD7 /* PictureView.swift in Sources */ = {isa = PBXBuildFile; fileRef = D146892027AD89CA008F8DD7 /* PictureView.swift */; };
/* End PBXBuildFile section */

/* Begin PBXFileReference section */
		D14688FF27AD7920008F8DD7 /* InstaGrid-P4.app */ = {isa = PBXFileReference; explicitFileType = wrapper.application; includeInIndex = 0; path = "InstaGrid-P4.app"; sourceTree = BUILT_PRODUCTS_DIR; };
		D146890227AD7920008F8DD7 /* AppDelegate.swift */ = {isa = PBXFileReference; lastKnownFileType = sourcecode.swift; path = AppDelegate.swift; sourceTree = "<group>"; };
		D146890427AD7920008F8DD7 /* SceneDelegate.swift */ = {isa = PBXFileReference; lastKnownFileType = sourcecode.swift; path = SceneDelegate.swift; sourceTree = "<group>"; };
		D146890627AD7920008F8DD7 /* ViewController.swift */ = {isa = PBXFileReference; lastKnownFileType = sourcecode.swift; path = ViewController.swift; sourceTree = "<group>"; };
		D146890927AD7920008F8DD7 /* Base */ = {isa = PBXFileReference; lastKnownFileType = file.storyboard; name = Base; path = Base.lproj/Main.storyboard; sourceTree = "<group>"; };
		D146890E27AD7922008F8DD7 /* Base */ = {isa = PBXFileReference; lastKnownFileType = file.storyboard; name = Base; path = Base.lproj/LaunchScreen.storyboard; sourceTree = "<group>"; };
		D146891627AD7AE1008F8DD7 /* Assets.xcassets */ = {isa = PBXFileReference; lastKnownFileType = folder.assetcatalog; path = Assets.xcassets; sourceTree = "<group>"; };
		D146891827AD7AF5008F8DD7 /* Delm-Medium.otf */ = {isa = PBXFileReference; lastKnownFileType = file; path = "Delm-Medium.otf"; sourceTree = "<group>"; };
		D146891927AD7AFA008F8DD7 /* ThirstySoftRegular.otf */ = {isa = PBXFileReference; lastKnownFileType = file; path = ThirstySoftRegular.otf; sourceTree = "<group>"; };
		D146891B27AD7B6B008F8DD7 /* Info.plist */ = {isa = PBXFileReference; fileEncoding = 4; lastKnownFileType = text.plist.xml; path = Info.plist; sourceTree = "<group>"; };
		D146892027AD89CA008F8DD7 /* PictureView.swift */ = {isa = PBXFileReference; lastKnownFileType = sourcecode.swift; path = PictureView.swift; sourceTree = "<group>"; };
/* End PBXFileReference section */

/* Begin PBXFrameworksBuildPhase section */
		D14688FC27AD7920008F8DD7 /* Frameworks */ = {
			isa = PBXFrameworksBuildPhase;
			buildActionMask = 2147483647;
			files = (
			);
			runOnlyForDeploymentPostprocessing = 0;
		};
/* End PBXFrameworksBuildPhase section */

/* Begin PBXGroup section */
		D14688F627AD7920008F8DD7 = {
			isa = PBXGroup;
			children = (
				D146890127AD7920008F8DD7 /* InstaGrid-P4 */,
				D146890027AD7920008F8DD7 /* Products */,
			);
			sourceTree = "<group>";
		};
		D146890027AD7920008F8DD7 /* Products */ = {
			isa = PBXGroup;
			children = (
				D14688FF27AD7920008F8DD7 /* InstaGrid-P4.app */,
			);
			name = Products;
			sourceTree = "<group>";
		};
		D146890127AD7920008F8DD7 /* InstaGrid-P4 */ = {
			isa = PBXGroup;
			children = (
				D146891B27AD7B6B008F8DD7 /* Info.plist */,
				D146890227AD7920008F8DD7 /* AppDelegate.swift */,
				D146890427AD7920008F8DD7 /* SceneDelegate.swift */,
				D146890627AD7920008F8DD7 /* ViewController.swift */,
				D146891F27AD7D81008F8DD7 /* View */,
				D146891A27AD7B03008F8DD7 /* Supporting Files */,
			);
			path = "InstaGrid-P4";
			sourceTree = "<group>";
		};
		D146891A27AD7B03008F8DD7 /* Supporting Files */ = {
			isa = PBXGroup;
			children = (
				D146891927AD7AFA008F8DD7 /* ThirstySoftRegular.otf */,
				D146891827AD7AF5008F8DD7 /* Delm-Medium.otf */,
				D146891627AD7AE1008F8DD7 /* Assets.xcassets */,
			);
			path = "Supporting Files";
			sourceTree = "<group>";
		};
		D146891F27AD7D81008F8DD7 /* View */ = {
			isa = PBXGroup;
			children = (
				D146890827AD7920008F8DD7 /* Main.storyboard */,
				D146890D27AD7922008F8DD7 /* LaunchScreen.storyboard */,
				D146892027AD89CA008F8DD7 /* PictureView.swift */,
			);
			path = View;
			sourceTree = "<group>";
		};
/* End PBXGroup section */

/* Begin PBXNativeTarget section */
		D14688FE27AD7920008F8DD7 /* InstaGrid-P4 */ = {
			isa = PBXNativeTarget;
			buildConfigurationList = D146891327AD7922008F8DD7 /* Build configuration list for PBXNativeTarget "InstaGrid-P4" */;
			buildPhases = (
				D14688FB27AD7920008F8DD7 /* Sources */,
				D14688FC27AD7920008F8DD7 /* Frameworks */,
				D14688FD27AD7920008F8DD7 /* Resources */,
			);
			buildRules = (
			);
			dependencies = (
			);
			name = "InstaGrid-P4";
			productName = "InstaGrid-P4";
			productReference = D14688FF27AD7920008F8DD7 /* InstaGrid-P4.app */;
			productType = "com.apple.product-type.application";
		};
/* End PBXNativeTarget section */

/* Begin PBXProject section */
		D14688F727AD7920008F8DD7 /* Project object */ = {
			isa = PBXProject;
			attributes = {
				BuildIndependentTargetsInParallel = 1;
				LastSwiftUpdateCheck = 1320;
				LastUpgradeCheck = 1320;
				TargetAttributes = {
					D14688FE27AD7920008F8DD7 = {
						CreatedOnToolsVersion = 13.2.1;
					};
				};
			};
			buildConfigurationList = D14688FA27AD7920008F8DD7 /* Build configuration list for PBXProject "InstaGrid-P4" */;
			compatibilityVersion = "Xcode 13.0";
			developmentRegion = en;
			hasScannedForEncodings = 0;
			knownRegions = (
				en,
				Base,
			);
			mainGroup = D14688F627AD7920008F8DD7;
			productRefGroup = D146890027AD7920008F8DD7 /* Products */;
			projectDirPath = "";
			projectRoot = "";
			targets = (
				D14688FE27AD7920008F8DD7 /* InstaGrid-P4 */,
			);
		};
/* End PBXProject section */

/* Begin PBXResourcesBuildPhase section */
		D14688FD27AD7920008F8DD7 /* Resources */ = {
			isa = PBXResourcesBuildPhase;
			buildActionMask = 2147483647;
			files = (
				D146891C27AD7B6B008F8DD7 /* Info.plist in Resources */,
				D146890F27AD7922008F8DD7 /* LaunchScreen.storyboard in Resources */,
				D146891E27AD7BFE008F8DD7 /* Delm-Medium.otf in Resources */,
				D146891D27AD7BFC008F8DD7 /* ThirstySoftRegular.otf in Resources */,
				D146891727AD7AE1008F8DD7 /* Assets.xcassets in Resources */,
				D146890A27AD7920008F8DD7 /* Main.storyboard in Resources */,
			);
			runOnlyForDeploymentPostprocessing = 0;
		};
/* End PBXResourcesBuildPhase section */

/* Begin PBXSourcesBuildPhase section */
		D14688FB27AD7920008F8DD7 /* Sources */ = {
			isa = PBXSourcesBuildPhase;
			buildActionMask = 2147483647;
			files = (
				D146890727AD7920008F8DD7 /* ViewController.swift in Sources */,
				D146890327AD7920008F8DD7 /* AppDelegate.swift in Sources */,
				D146890527AD7920008F8DD7 /* SceneDelegate.swift in Sources */,
				D146892127AD89CA008F8DD7 /* PictureView.swift in Sources */,
			);
			runOnlyForDeploymentPostprocessing = 0;
		};
/* End PBXSourcesBuildPhase section */

/* Begin PBXVariantGroup section */
		D146890827AD7920008F8DD7 /* Main.storyboard */ = {
			isa = PBXVariantGroup;
			children = (
				D146890927AD7920008F8DD7 /* Base */,
			);
			name = Main.storyboard;
			sourceTree = "<group>";
		};
		D146890D27AD7922008F8DD7 /* LaunchScreen.storyboard */ = {
			isa = PBXVariantGroup;
			children = (
				D146890E27AD7922008F8DD7 /* Base */,
			);
			name = LaunchScreen.storyboard;
			sourceTree = "<group>";
		};
/* End PBXVariantGroup section */

/* Begin XCBuildConfiguration section */
		D146891127AD7922008F8DD7 /* Debug */ = {
			isa = XCBuildConfiguration;
			buildSettings = {
				ALWAYS_SEARCH_USER_PATHS = NO;
				CLANG_ANALYZER_NONNULL = YES;
				CLANG_ANALYZER_NUMBER_OBJECT_CONVERSION = YES_AGGRESSIVE;
				CLANG_CXX_LANGUAGE_STANDARD = "gnu++17";
				CLANG_CXX_LIBRARY = "libc++";
				CLANG_ENABLE_MODULES = YES;
				CLANG_ENABLE_OBJC_ARC = YES;
				CLANG_ENABLE_OBJC_WEAK = YES;
				CLANG_WARN_BLOCK_CAPTURE_AUTORELEASING = YES;
				CLANG_WARN_BOOL_CONVERSION = YES;
				CLANG_WARN_COMMA = YES;
				CLANG_WARN_CONSTANT_CONVERSION = YES;
				CLANG_WARN_DEPRECATED_OBJC_IMPLEMENTATIONS = YES;
				CLANG_WARN_DIRECT_OBJC_ISA_USAGE = YES_ERROR;
				CLANG_WARN_DOCUMENTATION_COMMENTS = YES;
				CLANG_WARN_EMPTY_BODY = YES;
				CLANG_WARN_ENUM_CONVERSION = YES;
				CLANG_WARN_INFINITE_RECURSION = YES;
				CLANG_WARN_INT_CONVERSION = YES;
				CLANG_WARN_NON_LITERAL_NULL_CONVERSION = YES;
				CLANG_WARN_OBJC_IMPLICIT_RETAIN_SELF = YES;
				CLANG_WARN_OBJC_LITERAL_CONVERSION = YES;
				CLANG_WARN_OBJC_ROOT_CLASS = YES_ERROR;
				CLANG_WARN_QUOTED_INCLUDE_IN_FRAMEWORK_HEADER = YES;
				CLANG_WARN_RANGE_LOOP_ANALYSIS = YES;
				CLANG_WARN_STRICT_PROTOTYPES = YES;
				CLANG_WARN_SUSPICIOUS_MOVE = YES;
				CLANG_WARN_UNGUARDED_AVAILABILITY = YES_AGGRESSIVE;
				CLANG_WARN_UNREACHABLE_CODE = YES;
				CLANG_WARN__DUPLICATE_METHOD_MATCH = YES;
				COPY_PHASE_STRIP = NO;
				DEBUG_INFORMATION_FORMAT = dwarf;
				ENABLE_STRICT_OBJC_MSGSEND = YES;
				ENABLE_TESTABILITY = YES;
				GCC_C_LANGUAGE_STANDARD = gnu11;
				GCC_DYNAMIC_NO_PIC = NO;
				GCC_NO_COMMON_BLOCKS = YES;
				GCC_OPTIMIZATION_LEVEL = 0;
				GCC_PREPROCESSOR_DEFINITIONS = (
					"DEBUG=1",
					"$(inherited)",
				);
				GCC_WARN_64_TO_32_BIT_CONVERSION = YES;
				GCC_WARN_ABOUT_RETURN_TYPE = YES_ERROR;
				GCC_WARN_UNDECLARED_SELECTOR = YES;
				GCC_WARN_UNINITIALIZED_AUTOS = YES_AGGRESSIVE;
				GCC_WARN_UNUSED_FUNCTION = YES;
				GCC_WARN_UNUSED_VARIABLE = YES;
				IPHONEOS_DEPLOYMENT_TARGET = 15.2;
				MTL_ENABLE_DEBUG_INFO = INCLUDE_SOURCE;
				MTL_FAST_MATH = YES;
				ONLY_ACTIVE_ARCH = YES;
				SDKROOT = iphoneos;
				SWIFT_ACTIVE_COMPILATION_CONDITIONS = DEBUG;
				SWIFT_OPTIMIZATION_LEVEL = "-Onone";
			};
			name = Debug;
		};
		D146891227AD7922008F8DD7 /* Release */ = {
			isa = XCBuildConfiguration;
			buildSettings = {
				ALWAYS_SEARCH_USER_PATHS = NO;
				CLANG_ANALYZER_NONNULL = YES;
				CLANG_ANALYZER_NUMBER_OBJECT_CONVERSION = YES_AGGRESSIVE;
				CLANG_CXX_LANGUAGE_STANDARD = "gnu++17";
				CLANG_CXX_LIBRARY = "libc++";
				CLANG_ENABLE_MODULES = YES;
				CLANG_ENABLE_OBJC_ARC = YES;
				CLANG_ENABLE_OBJC_WEAK = YES;
				CLANG_WARN_BLOCK_CAPTURE_AUTORELEASING = YES;
				CLANG_WARN_BOOL_CONVERSION = YES;
				CLANG_WARN_COMMA = YES;
				CLANG_WARN_CONSTANT_CONVERSION = YES;
				CLANG_WARN_DEPRECATED_OBJC_IMPLEMENTATIONS = YES;
				CLANG_WARN_DIRECT_OBJC_ISA_USAGE = YES_ERROR;
				CLANG_WARN_DOCUMENTATION_COMMENTS = YES;
				CLANG_WARN_EMPTY_BODY = YES;
				CLANG_WARN_ENUM_CONVERSION = YES;
				CLANG_WARN_INFINITE_RECURSION = YES;
				CLANG_WARN_INT_CONVERSION = YES;
				CLANG_WARN_NON_LITERAL_NULL_CONVERSION = YES;
				CLANG_WARN_OBJC_IMPLICIT_RETAIN_SELF = YES;
				CLANG_WARN_OBJC_LITERAL_CONVERSION = YES;
				CLANG_WARN_OBJC_ROOT_CLASS = YES_ERROR;
				CLANG_WARN_QUOTED_INCLUDE_IN_FRAMEWORK_HEADER = YES;
				CLANG_WARN_RANGE_LOOP_ANALYSIS = YES;
				CLANG_WARN_STRICT_PROTOTYPES = YES;
				CLANG_WARN_SUSPICIOUS_MOVE = YES;
				CLANG_WARN_UNGUARDED_AVAILABILITY = YES_AGGRESSIVE;
				CLANG_WARN_UNREACHABLE_CODE = YES;
				CLANG_WARN__DUPLICATE_METHOD_MATCH = YES;
				COPY_PHASE_STRIP = NO;
				DEBUG_INFORMATION_FORMAT = "dwarf-with-dsym";
				ENABLE_NS_ASSERTIONS = NO;
				ENABLE_STRICT_OBJC_MSGSEND = YES;
				GCC_C_LANGUAGE_STANDARD = gnu11;
				GCC_NO_COMMON_BLOCKS = YES;
				GCC_WARN_64_TO_32_BIT_CONVERSION = YES;
				GCC_WARN_ABOUT_RETURN_TYPE = YES_ERROR;
				GCC_WARN_UNDECLARED_SELECTOR = YES;
				GCC_WARN_UNINITIALIZED_AUTOS = YES_AGGRESSIVE;
				GCC_WARN_UNUSED_FUNCTION = YES;
				GCC_WARN_UNUSED_VARIABLE = YES;
				IPHONEOS_DEPLOYMENT_TARGET = 15.2;
				MTL_ENABLE_DEBUG_INFO = NO;
				MTL_FAST_MATH = YES;
				SDKROOT = iphoneos;
				SWIFT_COMPILATION_MODE = wholemodule;
				SWIFT_OPTIMIZATION_LEVEL = "-O";
				VALIDATE_PRODUCT = YES;
			};
			name = Release;
		};
		D146891427AD7922008F8DD7 /* Debug */ = {
			isa = XCBuildConfiguration;
			buildSettings = {
				ASSETCATALOG_COMPILER_APPICON_NAME = AppIcon;
				ASSETCATALOG_COMPILER_GLOBAL_ACCENT_COLOR_NAME = AccentColor;
				CODE_SIGN_STYLE = Automatic;
				CURRENT_PROJECT_VERSION = 1;
				DEVELOPMENT_TEAM = 69N585LAQZ;
				GENERATE_INFOPLIST_FILE = YES;
				INFOPLIST_FILE = "InstaGrid-P4/Info.plist";
				INFOPLIST_KEY_UIApplicationSupportsIndirectInputEvents = YES;
				INFOPLIST_KEY_UILaunchStoryboardName = LaunchScreen;
				INFOPLIST_KEY_UIMainStoryboardFile = Main;
				INFOPLIST_KEY_UISupportedInterfaceOrientations = "UIInterfaceOrientationPortrait UIInterfaceOrientationLandscapeLeft UIInterfaceOrientationLandscapeRight";
				INFOPLIST_KEY_UISupportedInterfaceOrientations_iPad = "UIInterfaceOrientationPortrait UIInterfaceOrientationPortraitUpsideDown UIInterfaceOrientationLandscapeLeft UIInterfaceOrientationLandscapeRight";
				INFOPLIST_KEY_UISupportedInterfaceOrientations_iPhone = "UIInterfaceOrientationPortrait UIInterfaceOrientationLandscapeLeft UIInterfaceOrientationLandscapeRight";
				LD_RUNPATH_SEARCH_PATHS = (
					"$(inherited)",
					"@executable_path/Frameworks",
				);
				MARKETING_VERSION = 1.0;
				PRODUCT_BUNDLE_IDENTIFIER = "com.sofyan-dev.InstaGrid-P4";
				PRODUCT_NAME = "$(TARGET_NAME)";
				SWIFT_EMIT_LOC_STRINGS = YES;
				SWIFT_VERSION = 5.0;
				TARGETED_DEVICE_FAMILY = 1;
			};
			name = Debug;
		};
		D146891527AD7922008F8DD7 /* Release */ = {
			isa = XCBuildConfiguration;
			buildSettings = {
				ASSETCATALOG_COMPILER_APPICON_NAME = AppIcon;
				ASSETCATALOG_COMPILER_GLOBAL_ACCENT_COLOR_NAME = AccentColor;
				CODE_SIGN_STYLE = Automatic;
				CURRENT_PROJECT_VERSION = 1;
				DEVELOPMENT_TEAM = 69N585LAQZ;
				GENERATE_INFOPLIST_FILE = YES;
				INFOPLIST_FILE = "InstaGrid-P4/Info.plist";
				INFOPLIST_KEY_UIApplicationSupportsIndirectInputEvents = YES;
				INFOPLIST_KEY_UILaunchStoryboardName = LaunchScreen;
				INFOPLIST_KEY_UIMainStoryboardFile = Main;
				INFOPLIST_KEY_UISupportedInterfaceOrientations = "UIInterfaceOrientationPortrait UIInterfaceOrientationLandscapeLeft UIInterfaceOrientationLandscapeRight";
				INFOPLIST_KEY_UISupportedInterfaceOrientations_iPad = "UIInterfaceOrientationPortrait UIInterfaceOrientationPortraitUpsideDown UIInterfaceOrientationLandscapeLeft UIInterfaceOrientationLandscapeRight";
				INFOPLIST_KEY_UISupportedInterfaceOrientations_iPhone = "UIInterfaceOrientationPortrait UIInterfaceOrientationLandscapeLeft UIInterfaceOrientationLandscapeRight";
				LD_RUNPATH_SEARCH_PATHS = (
					"$(inherited)",
					"@executable_path/Frameworks",
				);
				MARKETING_VERSION = 1.0;
				PRODUCT_BUNDLE_IDENTIFIER = "com.sofyan-dev.InstaGrid-P4";
				PRODUCT_NAME = "$(TARGET_NAME)";
				SWIFT_EMIT_LOC_STRINGS = YES;
				SWIFT_VERSION = 5.0;
				TARGETED_DEVICE_FAMILY = 1;
			};
			name = Release;
		};
/* End XCBuildConfiguration section */

/* Begin XCConfigurationList section */
		D14688FA27AD7920008F8DD7 /* Build configuration list for PBXProject "InstaGrid-P4" */ = {
			isa = XCConfigurationList;
			buildConfigurations = (
				D146891127AD7922008F8DD7 /* Debug */,
				D146891227AD7922008F8DD7 /* Release */,
			);
			defaultConfigurationIsVisible = 0;
			defaultConfigurationName = Release;
		};
		D146891327AD7922008F8DD7 /* Build configuration list for PBXNativeTarget "InstaGrid-P4" */ = {
			isa = XCConfigurationList;
			buildConfigurations = (
				D146891427AD7922008F8DD7 /* Debug */,
				D146891527AD7922008F8DD7 /* Release */,
			);
			defaultConfigurationIsVisible = 0;
			defaultConfigurationName = Release;
		};
/* End XCConfigurationList section */
	};
	rootObject = D14688F727AD7920008F8DD7 /* Project object */;
}
